
Microsoft Visual Studio Solution File, Format Version 12.00
# Visual Studio Version 17
VisualStudioVersion = 17.7.34221.43
MinimumVisualStudioVersion = 10.0.40219.1
Project("{FAE04EC0-301F-11D3-BF4B-00C04F79EFBC}") = "11-repetition-loops-exercises", "11-repetition-loops-exercises\11-repetition-loops-exercises.csproj", "{6456119F-9A88-434A-8DAF-FD4653AEEF99}"
EndProject
Global
	GlobalSection(SolutionConfigurationPlatforms) = preSolution
		Debug|Any CPU = Debug|Any CPU
		Release|Any CPU = Release|Any CPU
	EndGlobalSection
	GlobalSection(ProjectConfigurationPlatforms) = postSolution
		{6456119F-9A88-434A-8DAF-FD4653AEEF99}.Debug|Any CPU.ActiveCfg = Debug|Any CPU
		{6456119F-9A88-434A-8DAF-FD4653AEEF99}.Debug|Any CPU.Build.0 = Debug|Any CPU
		{6456119F-9A88-434A-8DAF-FD4653AEEF99}.Release|Any CPU.ActiveCfg = Release|Any CPU
		{6456119F-9A88-434A-8DAF-FD4653AEEF99}.Release|Any CPU.Build.0 = Release|Any CPU
	EndGlobalSection
	GlobalSection(SolutionProperties) = preSolution
		HideSolutionNode = FALSE
	EndGlobalSection
	GlobalSection(ExtensibilityGlobals) = postSolution
		SolutionGuid = {312D9E56-F7C0-4011-8D62-569DBEEE6E3E}
	EndGlobalSection
EndGlobal
