
Microsoft Visual Studio Solution File, Format Version 12.00
# Visual Studio Version 17
VisualStudioVersion = 17.7.34221.43
MinimumVisualStudioVersion = 10.0.40219.1
Project("{FAE04EC0-301F-11D3-BF4B-00C04F79EFBC}") = "09-final-test-2nd-stage", "09-final-test-2nd-stage\09-final-test-2nd-stage.csproj", "{99E18F4A-D9A4-467D-A1D4-9840A84A5A06}"
EndProject
Global
	GlobalSection(SolutionConfigurationPlatforms) = preSolution
		Debug|Any CPU = Debug|Any CPU
		Release|Any CPU = Release|Any CPU
	EndGlobalSection
	GlobalSection(ProjectConfigurationPlatforms) = postSolution
		{99E18F4A-D9A4-467D-A1D4-9840A84A5A06}.Debug|Any CPU.ActiveCfg = Debug|Any CPU
		{99E18F4A-D9A4-467D-A1D4-9840A84A5A06}.Debug|Any CPU.Build.0 = Debug|Any CPU
		{99E18F4A-D9A4-467D-A1D4-9840A84A5A06}.Release|Any CPU.ActiveCfg = Release|Any CPU
		{99E18F4A-D9A4-467D-A1D4-9840A84A5A06}.Release|Any CPU.Build.0 = Release|Any CPU
	EndGlobalSection
	GlobalSection(SolutionProperties) = preSolution
		HideSolutionNode = FALSE
	EndGlobalSection
	GlobalSection(ExtensibilityGlobals) = postSolution
		SolutionGuid = {A782439A-3A8A-4FBC-8280-084A627D5EE8}
	EndGlobalSection
EndGlobal
