
Microsoft Visual Studio Solution File, Format Version 12.00
# Visual Studio Version 17
VisualStudioVersion = 17.7.34221.43
MinimumVisualStudioVersion = 10.0.40219.1
Project("{FAE04EC0-301F-11D3-BF4B-00C04F79EFBC}") = "08-method-review-exercises", "08-method-review-exercises\08-method-review-exercises.csproj", "{E6AFCCA1-3671-4ECB-A1DD-BCD5F5E38ED2}"
EndProject
Global
	GlobalSection(SolutionConfigurationPlatforms) = preSolution
		Debug|Any CPU = Debug|Any CPU
		Release|Any CPU = Release|Any CPU
	EndGlobalSection
	GlobalSection(ProjectConfigurationPlatforms) = postSolution
		{E6AFCCA1-3671-4ECB-A1DD-BCD5F5E38ED2}.Debug|Any CPU.ActiveCfg = Debug|Any CPU
		{E6AFCCA1-3671-4ECB-A1DD-BCD5F5E38ED2}.Debug|Any CPU.Build.0 = Debug|Any CPU
		{E6AFCCA1-3671-4ECB-A1DD-BCD5F5E38ED2}.Release|Any CPU.ActiveCfg = Release|Any CPU
		{E6AFCCA1-3671-4ECB-A1DD-BCD5F5E38ED2}.Release|Any CPU.Build.0 = Release|Any CPU
	EndGlobalSection
	GlobalSection(SolutionProperties) = preSolution
		HideSolutionNode = FALSE
	EndGlobalSection
	GlobalSection(ExtensibilityGlobals) = postSolution
		SolutionGuid = {B3A5F9E3-F355-444C-B3B0-66CEFD4E3F39}
	EndGlobalSection
EndGlobal
