
Microsoft Visual Studio Solution File, Format Version 12.00
# Visual Studio Version 17
VisualStudioVersion = 17.7.34221.43
MinimumVisualStudioVersion = 10.0.40219.1
Project("{FAE04EC0-301F-11D3-BF4B-00C04F79EFBC}") = "12-increment-and-decrement-exercise", "12-increment-and-decrement-exercise\12-increment-and-decrement-exercise.csproj", "{FFD4F20A-4639-4040-9FEC-A58F74E7AAFB}"
EndProject
Global
	GlobalSection(SolutionConfigurationPlatforms) = preSolution
		Debug|Any CPU = Debug|Any CPU
		Release|Any CPU = Release|Any CPU
	EndGlobalSection
	GlobalSection(ProjectConfigurationPlatforms) = postSolution
		{FFD4F20A-4639-4040-9FEC-A58F74E7AAFB}.Debug|Any CPU.ActiveCfg = Debug|Any CPU
		{FFD4F20A-4639-4040-9FEC-A58F74E7AAFB}.Debug|Any CPU.Build.0 = Debug|Any CPU
		{FFD4F20A-4639-4040-9FEC-A58F74E7AAFB}.Release|Any CPU.ActiveCfg = Release|Any CPU
		{FFD4F20A-4639-4040-9FEC-A58F74E7AAFB}.Release|Any CPU.Build.0 = Release|Any CPU
	EndGlobalSection
	GlobalSection(SolutionProperties) = preSolution
		HideSolutionNode = FALSE
	EndGlobalSection
	GlobalSection(ExtensibilityGlobals) = postSolution
		SolutionGuid = {76870774-E9B1-4EDC-99A0-6A8C1A082FB0}
	EndGlobalSection
EndGlobal
