
Microsoft Visual Studio Solution File, Format Version 12.00
# Visual Studio Version 17
VisualStudioVersion = 17.7.34221.43
MinimumVisualStudioVersion = 10.0.40219.1
Project("{FAE04EC0-301F-11D3-BF4B-00C04F79EFBC}") = "15-vector-sum", "15-vector-sum\15-vector-sum.csproj", "{29D618F5-0FD2-4879-BD18-4F79DD701D19}"
EndProject
Global
	GlobalSection(SolutionConfigurationPlatforms) = preSolution
		Debug|Any CPU = Debug|Any CPU
		Release|Any CPU = Release|Any CPU
	EndGlobalSection
	GlobalSection(ProjectConfigurationPlatforms) = postSolution
		{29D618F5-0FD2-4879-BD18-4F79DD701D19}.Debug|Any CPU.ActiveCfg = Debug|Any CPU
		{29D618F5-0FD2-4879-BD18-4F79DD701D19}.Debug|Any CPU.Build.0 = Debug|Any CPU
		{29D618F5-0FD2-4879-BD18-4F79DD701D19}.Release|Any CPU.ActiveCfg = Release|Any CPU
		{29D618F5-0FD2-4879-BD18-4F79DD701D19}.Release|Any CPU.Build.0 = Release|Any CPU
	EndGlobalSection
	GlobalSection(SolutionProperties) = preSolution
		HideSolutionNode = FALSE
	EndGlobalSection
	GlobalSection(ExtensibilityGlobals) = postSolution
		SolutionGuid = {6040A359-855D-4FFD-9910-CD747243A69D}
	EndGlobalSection
EndGlobal
